
Microsoft Visual Studio Solution File, Format Version 12.00
# Visual Studio Version 16
VisualStudioVersion = 16.0.32106.194
MinimumVisualStudioVersion = 10.0.40219.1
Project("{FAE04EC0-301F-11D3-BF4B-00C04F79EFBC}") = "BT01", "BT01\BT01.csproj", "{A7E4E74D-EF48-40A6-AD01-960B196A022E}"
EndProject
Global
	GlobalSection(SolutionConfigurationPlatforms) = preSolution
		Debug|Any CPU = Debug|Any CPU
		Release|Any CPU = Release|Any CPU
	EndGlobalSection
	GlobalSection(ProjectConfigurationPlatforms) = postSolution
		{A7E4E74D-EF48-40A6-AD01-960B196A022E}.Debug|Any CPU.ActiveCfg = Debug|Any CPU
		{A7E4E74D-EF48-40A6-AD01-960B196A022E}.Debug|Any CPU.Build.0 = Debug|Any CPU
		{A7E4E74D-EF48-40A6-AD01-960B196A022E}.Release|Any CPU.ActiveCfg = Release|Any CPU
		{A7E4E74D-EF48-40A6-AD01-960B196A022E}.Release|Any CPU.Build.0 = Release|Any CPU
	EndGlobalSection
	GlobalSection(SolutionProperties) = preSolution
		HideSolutionNode = FALSE
	EndGlobalSection
	GlobalSection(ExtensibilityGlobals) = postSolution
		SolutionGuid = {BE88555A-1CFF-458A-84C9-7D976279021A}
	EndGlobalSection
EndGlobal
