
Microsoft Visual Studio Solution File, Format Version 12.00
# Visual Studio Version 16
VisualStudioVersion = 16.0.33328.57
MinimumVisualStudioVersion = 10.0.40219.1
Project("{FAE04EC0-301F-11D3-BF4B-00C04F79EFBC}") = "BT01_Mo_Hinh_Ngat_Ket_Noi_SinhVien", "BT01_Mo_Hinh_Ngat_Ket_Noi_SinhVien\BT01_Mo_Hinh_Ngat_Ket_Noi_SinhVien.csproj", "{EA56F46B-52FE-44FF-ADF8-A0F4EE4D9389}"
EndProject
Project("{FAE04EC0-301F-11D3-BF4B-00C04F79EFBC}") = "BT02_Bingding_MonHoc", "BT02_Bingding_MonHoc_2\BT02_Bingding_MonHoc.csproj", "{6D5BA25B-DDEB-4E68-8B99-03C5D67EDB2E}"
EndProject
Project("{FAE04EC0-301F-11D3-BF4B-00C04F79EFBC}") = "BT03_Bingding_MonHoc_NangCao", "BT03_Bingding_MonHoc_NangCao\BT03_Bingding_MonHoc_NangCao.csproj", "{0B2ADBD9-3E72-4FEB-BD18-1B8EBD7AA8E5}"
EndProject
Project("{FAE04EC0-301F-11D3-BF4B-00C04F79EFBC}") = "BT04_Binding_SinhVien_Controls", "BT04_Binding_SinhVien_Controls\BT04_Binding_SinhVien_Controls.csproj", "{ACD05DB9-E0A8-497A-BAD8-07732A9CAFE2}"
EndProject
Project("{FAE04EC0-301F-11D3-BF4B-00C04F79EFBC}") = "BinDing_SinhVien_PHAI", "BinDing_SinhVien_PHAI\BinDing_SinhVien_PHAI.csproj", "{0F0241AB-D7F8-4F75-85F6-E33FFB88AE54}"
EndProject
Project("{FAE04EC0-301F-11D3-BF4B-00C04F79EFBC}") = "Dataset_Co_Dinh_Kieu_MonHoc", "Dataset_Co_Dinh_Kieu_MonHoc\Dataset_Co_Dinh_Kieu_MonHoc.csproj", "{06146C24-3FDA-47B3-822E-2FA97958767A}"
EndProject
Project("{FAE04EC0-301F-11D3-BF4B-00C04F79EFBC}") = "Dataset_Co_Dinh_Kieu_SinhVien", "Dataset_Co_Dinh_Kieu_SinhVien\Dataset_Co_Dinh_Kieu_SinhVien.csproj", "{FBFEA6FD-8E61-4CC5-A22A-AF6E162445CD}"
EndProject
Project("{FAE04EC0-301F-11D3-BF4B-00C04F79EFBC}") = "Luoi_DataGridview_02", "Luoi_DataGridview_02\Luoi_DataGridview_02.csproj", "{87883043-A08A-499C-A54C-EE007F949B7B}"
EndProject
Project("{FAE04EC0-301F-11D3-BF4B-00C04F79EFBC}") = "Luoi_DataGridview_03", "Luoi_DataGridview_03\Luoi_DataGridview_03.csproj", "{5CBB30D9-C823-4831-91E1-B279CF69C2B0}"
EndProject
Project("{FAE04EC0-301F-11D3-BF4B-00C04F79EFBC}") = "Luoi_DataGridview_04", "Luoi_DataGridview_04\Luoi_DataGridview_04.csproj", "{03240909-F1E6-4644-A700-EB3A30DE8E13}"
EndProject
Project("{FAE04EC0-301F-11D3-BF4B-00C04F79EFBC}") = "Man_hinh_main_sub", "Man_hinh_main_sub\Man_hinh_main_sub.csproj", "{86C3F64F-C5A7-4D31-8F50-6DBCDDE7B6F9}"
EndProject
Global
	GlobalSection(SolutionConfigurationPlatforms) = preSolution
		Debug|Any CPU = Debug|Any CPU
		Release|Any CPU = Release|Any CPU
	EndGlobalSection
	GlobalSection(ProjectConfigurationPlatforms) = postSolution
		{EA56F46B-52FE-44FF-ADF8-A0F4EE4D9389}.Debug|Any CPU.ActiveCfg = Debug|Any CPU
		{EA56F46B-52FE-44FF-ADF8-A0F4EE4D9389}.Debug|Any CPU.Build.0 = Debug|Any CPU
		{EA56F46B-52FE-44FF-ADF8-A0F4EE4D9389}.Release|Any CPU.ActiveCfg = Release|Any CPU
		{EA56F46B-52FE-44FF-ADF8-A0F4EE4D9389}.Release|Any CPU.Build.0 = Release|Any CPU
		{6D5BA25B-DDEB-4E68-8B99-03C5D67EDB2E}.Debug|Any CPU.ActiveCfg = Debug|Any CPU
		{6D5BA25B-DDEB-4E68-8B99-03C5D67EDB2E}.Debug|Any CPU.Build.0 = Debug|Any CPU
		{6D5BA25B-DDEB-4E68-8B99-03C5D67EDB2E}.Release|Any CPU.ActiveCfg = Release|Any CPU
		{6D5BA25B-DDEB-4E68-8B99-03C5D67EDB2E}.Release|Any CPU.Build.0 = Release|Any CPU
		{0B2ADBD9-3E72-4FEB-BD18-1B8EBD7AA8E5}.Debug|Any CPU.ActiveCfg = Debug|Any CPU
		{0B2ADBD9-3E72-4FEB-BD18-1B8EBD7AA8E5}.Debug|Any CPU.Build.0 = Debug|Any CPU
		{0B2ADBD9-3E72-4FEB-BD18-1B8EBD7AA8E5}.Release|Any CPU.ActiveCfg = Release|Any CPU
		{0B2ADBD9-3E72-4FEB-BD18-1B8EBD7AA8E5}.Release|Any CPU.Build.0 = Release|Any CPU
		{ACD05DB9-E0A8-497A-BAD8-07732A9CAFE2}.Debug|Any CPU.ActiveCfg = Debug|Any CPU
		{ACD05DB9-E0A8-497A-BAD8-07732A9CAFE2}.Debug|Any CPU.Build.0 = Debug|Any CPU
		{ACD05DB9-E0A8-497A-BAD8-07732A9CAFE2}.Release|Any CPU.ActiveCfg = Release|Any CPU
		{ACD05DB9-E0A8-497A-BAD8-07732A9CAFE2}.Release|Any CPU.Build.0 = Release|Any CPU
		{0F0241AB-D7F8-4F75-85F6-E33FFB88AE54}.Debug|Any CPU.ActiveCfg = Debug|Any CPU
		{0F0241AB-D7F8-4F75-85F6-E33FFB88AE54}.Debug|Any CPU.Build.0 = Debug|Any CPU
		{0F0241AB-D7F8-4F75-85F6-E33FFB88AE54}.Release|Any CPU.ActiveCfg = Release|Any CPU
		{0F0241AB-D7F8-4F75-85F6-E33FFB88AE54}.Release|Any CPU.Build.0 = Release|Any CPU
		{06146C24-3FDA-47B3-822E-2FA97958767A}.Debug|Any CPU.ActiveCfg = Debug|Any CPU
		{06146C24-3FDA-47B3-822E-2FA97958767A}.Debug|Any CPU.Build.0 = Debug|Any CPU
		{06146C24-3FDA-47B3-822E-2FA97958767A}.Release|Any CPU.ActiveCfg = Release|Any CPU
		{06146C24-3FDA-47B3-822E-2FA97958767A}.Release|Any CPU.Build.0 = Release|Any CPU
		{FBFEA6FD-8E61-4CC5-A22A-AF6E162445CD}.Debug|Any CPU.ActiveCfg = Debug|Any CPU
		{FBFEA6FD-8E61-4CC5-A22A-AF6E162445CD}.Debug|Any CPU.Build.0 = Debug|Any CPU
		{FBFEA6FD-8E61-4CC5-A22A-AF6E162445CD}.Release|Any CPU.ActiveCfg = Release|Any CPU
		{FBFEA6FD-8E61-4CC5-A22A-AF6E162445CD}.Release|Any CPU.Build.0 = Release|Any CPU
		{87883043-A08A-499C-A54C-EE007F949B7B}.Debug|Any CPU.ActiveCfg = Debug|Any CPU
		{87883043-A08A-499C-A54C-EE007F949B7B}.Debug|Any CPU.Build.0 = Debug|Any CPU
		{87883043-A08A-499C-A54C-EE007F949B7B}.Release|Any CPU.ActiveCfg = Release|Any CPU
		{87883043-A08A-499C-A54C-EE007F949B7B}.Release|Any CPU.Build.0 = Release|Any CPU
		{5CBB30D9-C823-4831-91E1-B279CF69C2B0}.Debug|Any CPU.ActiveCfg = Debug|Any CPU
		{5CBB30D9-C823-4831-91E1-B279CF69C2B0}.Debug|Any CPU.Build.0 = Debug|Any CPU
		{5CBB30D9-C823-4831-91E1-B279CF69C2B0}.Release|Any CPU.ActiveCfg = Release|Any CPU
		{5CBB30D9-C823-4831-91E1-B279CF69C2B0}.Release|Any CPU.Build.0 = Release|Any CPU
		{03240909-F1E6-4644-A700-EB3A30DE8E13}.Debug|Any CPU.ActiveCfg = Debug|Any CPU
		{03240909-F1E6-4644-A700-EB3A30DE8E13}.Debug|Any CPU.Build.0 = Debug|Any CPU
		{03240909-F1E6-4644-A700-EB3A30DE8E13}.Release|Any CPU.ActiveCfg = Release|Any CPU
		{03240909-F1E6-4644-A700-EB3A30DE8E13}.Release|Any CPU.Build.0 = Release|Any CPU
		{86C3F64F-C5A7-4D31-8F50-6DBCDDE7B6F9}.Debug|Any CPU.ActiveCfg = Debug|Any CPU
		{86C3F64F-C5A7-4D31-8F50-6DBCDDE7B6F9}.Debug|Any CPU.Build.0 = Debug|Any CPU
		{86C3F64F-C5A7-4D31-8F50-6DBCDDE7B6F9}.Release|Any CPU.ActiveCfg = Release|Any CPU
		{86C3F64F-C5A7-4D31-8F50-6DBCDDE7B6F9}.Release|Any CPU.Build.0 = Release|Any CPU
	EndGlobalSection
	GlobalSection(SolutionProperties) = preSolution
		HideSolutionNode = FALSE
	EndGlobalSection
	GlobalSection(ExtensibilityGlobals) = postSolution
		SolutionGuid = {A2755783-E050-4116-BDC2-A2CE5B9407DA}
	EndGlobalSection
EndGlobal
